{
  "name": "node-laravel-session",
  "version": "2.0.1",
  "lockfileVersion": 2,
  "requires": true,
  "packages": {
    "": {
      "name": "node-laravel-session",
      "version": "2.0.1",
      "license": "MIT",
      "dependencies": {
        "php-serialization": "0.0.4",
        "php-unserialize": "0.0.1"
      },
      "devDependencies": {
        "cookie": "^0.5.0"
      }
    },
    "node_modules/bigdecimal": {
      "version": "0.6.1",
      "resolved": "https://registry.npmjs.org/bigdecimal/-/bigdecimal-0.6.1.tgz",
      "integrity": "sha512-pFxbEwaZRK6XifePcw22DxJkCzCMw3YAossM884Tkvh9QpdWzFBLkgdnjx29yEickWBVYv1F9DdaDxDaF3dzkw==",
      "engines": [
        "node"
      ],
      "bin": {
        "bigdecimal.js": "repl.js"
      }
    },
    "node_modules/cookie": {
      "version": "0.5.0",
      "resolved": "https://registry.npmjs.org/cookie/-/cookie-0.5.0.tgz",
      "integrity": "sha512-YZ3GUyn/o8gfKJlnlX7g7xq4gyO6OSuhGPKaaGssGB2qgDUS0gPgtTvoyZLTt9Ab6dC4hfc9dV5arkvc/OCmrw==",
      "dev": true,
      "engines": {
        "node": ">= 0.6"
      }
    },
    "node_modules/inherits": {
      "version": "2.0.3",
      "resolved": "https://registry.npmjs.org/inherits/-/inherits-2.0.3.tgz",
      "integrity": "sha512-x00IRNXNy63jwGkJmzPigoySHbaqpNuzKbBOmzK+g2OdZpQ9w+sxCN+VSB3ja7IAge2OP2qpfxTjeNcyjmW1uw=="
    },
    "node_modules/php-serialization": {
      "version": "0.0.4",
      "resolved": "https://registry.npmjs.org/php-serialization/-/php-serialization-0.0.4.tgz",
      "integrity": "sha512-eb7+un49EyfkIg55HoqOO0sdFxA53TZ9BuzeJ0jD1oQHgD7ektXkMScdSlAt+ZqB2lOnO7FIu00lOh+X37c2Pg==",
      "dependencies": {
        "bigdecimal": "~0.6.1",
        "util": "~0.10.3"
      }
    },
    "node_modules/php-unserialize": {
      "version": "0.0.1",
      "resolved": "https://registry.npmjs.org/php-unserialize/-/php-unserialize-0.0.1.tgz",
      "integrity": "sha512-aZWuX3gQ30Dui+Lff19q0jeu+3DHpSYXFEQPkeAx4WAyDtAp5VI30ZPC5wb4OrcHy6KUiZIRFRTWkvK8l8l6Rw==",
      "engines": {
        "node": "*"
      }
    },
    "node_modules/util": {
      "version": "0.10.4",
      "resolved": "https://registry.npmjs.org/util/-/util-0.10.4.tgz",
      "integrity": "sha512-0Pm9hTQ3se5ll1XihRic3FDIku70C+iHUdT/W926rSgHV5QgXsYbKZN8MSC3tJtSkhuROzvsQjAaFENRXr+19A==",
      "dependencies": {
        "inherits": "2.0.3"
      }
    }
  },
  "dependencies": {
    "bigdecimal": {
      "version": "0.6.1",
      "resolved": "https://registry.npmjs.org/bigdecimal/-/bigdecimal-0.6.1.tgz",
      "integrity": "sha512-pFxbEwaZRK6XifePcw22DxJkCzCMw3YAossM884Tkvh9QpdWzFBLkgdnjx29yEickWBVYv1F9DdaDxDaF3dzkw=="
    },
    "cookie": {
      "version": "0.5.0",
      "resolved": "https://registry.npmjs.org/cookie/-/cookie-0.5.0.tgz",
      "integrity": "sha512-YZ3GUyn/o8gfKJlnlX7g7xq4gyO6OSuhGPKaaGssGB2qgDUS0gPgtTvoyZLTt9Ab6dC4hfc9dV5arkvc/OCmrw==",
      "dev": true
    },
    "inherits": {
      "version": "2.0.3",
      "resolved": "https://registry.npmjs.org/inherits/-/inherits-2.0.3.tgz",
      "integrity": "sha512-x00IRNXNy63jwGkJmzPigoySHbaqpNuzKbBOmzK+g2OdZpQ9w+sxCN+VSB3ja7IAge2OP2qpfxTjeNcyjmW1uw=="
    },
    "php-serialization": {
      "version": "0.0.4",
      "resolved": "https://registry.npmjs.org/php-serialization/-/php-serialization-0.0.4.tgz",
      "integrity": "sha512-eb7+un49EyfkIg55HoqOO0sdFxA53TZ9BuzeJ0jD1oQHgD7ektXkMScdSlAt+ZqB2lOnO7FIu00lOh+X37c2Pg==",
      "requires": {
        "bigdecimal": "~0.6.1",
        "util": "~0.10.3"
      }
    },
    "php-unserialize": {
      "version": "0.0.1",
      "resolved": "https://registry.npmjs.org/php-unserialize/-/php-unserialize-0.0.1.tgz",
      "integrity": "sha512-aZWuX3gQ30Dui+Lff19q0jeu+3DHpSYXFEQPkeAx4WAyDtAp5VI30ZPC5wb4OrcHy6KUiZIRFRTWkvK8l8l6Rw=="
    },
    "util": {
      "version": "0.10.4",
      "resolved": "https://registry.npmjs.org/util/-/util-0.10.4.tgz",
      "integrity": "sha512-0Pm9hTQ3se5ll1XihRic3FDIku70C+iHUdT/W926rSgHV5QgXsYbKZN8MSC3tJtSkhuROzvsQjAaFENRXr+19A==",
      "requires": {
        "inherits": "2.0.3"
      }
    }
  }
}
